{
  "name": "joint-kitchen-sink",
  "version": "3.5.0",
  "lockfileVersion": 2,
  "requires": true,
  "packages": {
    "": {
      "name": "joint-kitchen-sink",
      "version": "3.5.0",
      "license": "http://jointjs.com/license/rappid",
      "dependencies": {
        "joint-kitchen-sink": "file:"
      }
    },
    "node_modules/joint-kitchen-sink": {
      "resolved": "",
      "link": true
    }
  },
  "dependencies": {
    "joint-kitchen-sink": {
      "version": "file:",
      "requires": {
        "joint-kitchen-sink": "file:"
      }
    }
  }
}
