{
  "name": "rappid",
  "version": "3.7.0",
  "lockfileVersion": 3,
  "requires": true,
  "packages": {
    "": {
      "name": "rappid",
      "version": "3.7.0",
      "license": "SEE LICENSE IN LICENSE.txt",
      "dependencies": {
        "@types/backbone": "~1.4.13",
        "@types/dagre": "~0.7.44",
        "@types/graphlib": "~2.1.8",
        "@types/jquery": "~3.5.5",
        "@types/lodash": "~4.14.170",
        "backbone": "~1.4.1",
        "canvg-rappid": "~1.0.3",
        "dagre": "~0.8.5",
        "graphlib": "~2.1.8",
        "jointjs": "~3.7.2",
        "jquery": "~3.6.4",
        "lodash": "~4.17.21",
        "rappid": "file:"
      }
    },
    "node_modules/@types/backbone": {
      "version": "1.4.20",
      "resolved": "https://registry.npmjs.org/@types/backbone/-/backbone-1.4.20.tgz",
      "integrity": "sha512-SVzEWyos+awvuu3lUJdfhFEUuksiRvXOFK6aJy1cA8Dmbf+BbCvIve7LSsW3XPOd9d0urB7eo3Y+xP8YtPOoIg==",
      "dependencies": {
        "@types/jquery": "*",
        "@types/underscore": "*"
      }
    },
    "node_modules/@types/dagre": {
      "version": "0.7.52",
      "resolved": "https://registry.npmjs.org/@types/dagre/-/dagre-0.7.52.tgz",
      "integrity": "sha512-XKJdy+OClLk3hketHi9Qg6gTfe1F3y+UFnHxKA2rn9Dw+oXa4Gb378Ztz9HlMgZKSxpPmn4BNVh9wgkpvrK1uw=="
    },
    "node_modules/@types/graphlib": {
      "version": "2.1.12",
      "resolved": "https://registry.npmjs.org/@types/graphlib/-/graphlib-2.1.12.tgz",
      "integrity": "sha512-abRfQWMphT2qlXwppQa+CTCtUz/GqxBeozQcMjnOFD/WOKD6sRgxkfG8vq1yagV03447BBzCYhuJ0wiNb+/r+Q=="
    },
    "node_modules/@types/jquery": {
      "version": "3.5.30",
      "resolved": "https://registry.npmjs.org/@types/jquery/-/jquery-3.5.30.tgz",
      "integrity": "sha512-nbWKkkyb919DOUxjmRVk8vwtDb0/k8FKncmUKFi+NY+QXqWltooxTrswvz4LspQwxvLdvzBN1TImr6cw3aQx2A==",
      "dependencies": {
        "@types/sizzle": "*"
      }
    },
    "node_modules/@types/lodash": {
      "version": "4.14.202",
      "resolved": "https://registry.npmjs.org/@types/lodash/-/lodash-4.14.202.tgz",
      "integrity": "sha512-OvlIYQK9tNneDlS0VN54LLd5uiPCBOp7gS5Z0f1mjoJYBrtStzgmJBxONW3U6OZqdtNzZPmn9BS/7WI7BFFcFQ=="
    },
    "node_modules/@types/sizzle": {
      "version": "2.3.8",
      "resolved": "https://registry.npmjs.org/@types/sizzle/-/sizzle-2.3.8.tgz",
      "integrity": "sha512-0vWLNK2D5MT9dg0iOo8GlKguPAU02QjmZitPEsXRuJXU/OGIOt9vT9Fc26wtYuavLxtO45v9PGleoL9Z0k1LHg=="
    },
    "node_modules/@types/underscore": {
      "version": "1.11.15",
      "resolved": "https://registry.npmjs.org/@types/underscore/-/underscore-1.11.15.tgz",
      "integrity": "sha512-HP38xE+GuWGlbSRq9WrZkousaQ7dragtZCruBVMi0oX1migFZavZ3OROKHSkNp/9ouq82zrWtZpg18jFnVN96g=="
    },
    "node_modules/backbone": {
      "version": "1.4.1",
      "resolved": "https://registry.npmjs.org/backbone/-/backbone-1.4.1.tgz",
      "integrity": "sha512-ADy1ztN074YkWbHi8ojJVFe3vAanO/lrzMGZWUClIP7oDD/Pjy2vrASraUP+2EVCfIiTtCW4FChVow01XneivA==",
      "dependencies": {
        "underscore": ">=1.8.3"
      }
    },
    "node_modules/canvg-rappid": {
      "version": "1.0.3",
      "resolved": "https://registry.npmjs.org/canvg-rappid/-/canvg-rappid-1.0.3.tgz",
      "integrity": "sha512-Eje+Ckt/EZmVGuYYM/bgKz8C92AtjuYQoy4aafA4Zl9i995bfCTybdBt4T6kSUzguV5V1IY/wSvYKmmuqDJjUw==",
      "dependencies": {
        "rgbcolor": "0.0.4",
        "stackblur": "^1.0.0"
      }
    },
    "node_modules/dagre": {
      "version": "0.8.5",
      "resolved": "https://registry.npmjs.org/dagre/-/dagre-0.8.5.tgz",
      "integrity": "sha512-/aTqmnRta7x7MCCpExk7HQL2O4owCT2h8NT//9I1OQ9vt29Pa0BzSAkR5lwFUcQ7491yVi/3CXU9jQ5o0Mn2Sw==",
      "dependencies": {
        "graphlib": "^2.1.8",
        "lodash": "^4.17.15"
      }
    },
    "node_modules/graphlib": {
      "version": "2.1.8",
      "resolved": "https://registry.npmjs.org/graphlib/-/graphlib-2.1.8.tgz",
      "integrity": "sha512-jcLLfkpoVGmH7/InMC/1hIvOPSUh38oJtGhvrOFGzioE1DZ+0YW16RgmOJhHiuWTvGiJQ9Z1Ik43JvkRPRvE+A==",
      "dependencies": {
        "lodash": "^4.17.15"
      }
    },
    "node_modules/jointjs": {
      "version": "3.7.7",
      "resolved": "https://registry.npmjs.org/jointjs/-/jointjs-3.7.7.tgz",
      "integrity": "sha512-gwjyLfXIxovVCIHrg57WG0cyPt6dsJjgnGEGOt8gh2F2kp/T1x6z7kBf62eQqSnM7qn1XiheZV4Iopzd2doHlw==",
      "deprecated": "This package has been deprecated in favor of '@joint/core'. The repository name has changed to improve organization and naming conventions. Please update your dependencies to use the new package name:\n\nnpm install @joint/core\n\nFor more information, visit the JointJS repository at: https://github.com/clientio/joint",
      "dependencies": {
        "backbone": "~1.4.1",
        "dagre": "~0.8.5",
        "graphlib": "~2.1.8",
        "jquery": "~3.7.1",
        "lodash": "~4.17.21"
      }
    },
    "node_modules/jointjs/node_modules/jquery": {
      "version": "3.7.1",
      "resolved": "https://registry.npmjs.org/jquery/-/jquery-3.7.1.tgz",
      "integrity": "sha512-m4avr8yL8kmFN8psrbFFFmB/If14iN5o9nw/NgnnM+kybDJpRsAynV2BsfpTYrTRysYUdADVD7CkUUizgkpLfg=="
    },
    "node_modules/jquery": {
      "version": "3.6.4",
      "resolved": "https://registry.npmjs.org/jquery/-/jquery-3.6.4.tgz",
      "integrity": "sha512-v28EW9DWDFpzcD9O5iyJXg3R3+q+mET5JhnjJzQUZMHOv67bpSIHq81GEYpPNZHG+XXHsfSme3nxp/hndKEcsQ=="
    },
    "node_modules/lodash": {
      "version": "4.17.21",
      "resolved": "https://registry.npmjs.org/lodash/-/lodash-4.17.21.tgz",
      "integrity": "sha512-v2kDEe57lecTulaDIuNTPy3Ry4gLGJ6Z1O3vE1krgXZNrsQ+LFTGHVxVjcXPs17LhbZVGedAJv8XZ1tvj5FvSg=="
    },
    "node_modules/rappid": {
      "resolved": "",
      "link": true
    },
    "node_modules/rgbcolor": {
      "version": "0.0.4",
      "resolved": "https://registry.npmjs.org/rgbcolor/-/rgbcolor-0.0.4.tgz",
      "integrity": "sha512-fG8I3S9oe435NsIa3bAcavWhr0ioN+m5qRfjidB1vn5rU2D69Ain0N0aiTtXggZJnsV7Fo/poCI0NnkkhtcRgw==",
      "engines": {
        "node": ">= 0.8.15"
      }
    },
    "node_modules/stackblur": {
      "version": "1.0.0",
      "resolved": "https://registry.npmjs.org/stackblur/-/stackblur-1.0.0.tgz",
      "integrity": "sha512-K92JX8alrs0pTox5U2arVBqB8tJmak9dh9i4Xausy94TnnGMdLfTn7P2Dp/NOzlmxvEs7lDzeryo8YqOy0BHRQ=="
    },
    "node_modules/underscore": {
      "version": "1.13.7",
      "resolved": "https://registry.npmjs.org/underscore/-/underscore-1.13.7.tgz",
      "integrity": "sha512-GMXzWtsc57XAtguZgaQViUOzs0KTkk8ojr3/xAxXLITqf/3EMwxC0inyETfDFjH/Krbhuep0HNbbjI9i/q3F3g=="
    }
  }
}
