{
  "name": "rappid-plugin-visio",
  "version": "3.7.0",
  "lockfileVersion": 3,
  "requires": true,
  "packages": {
    "": {
      "name": "rappid-plugin-visio",
      "version": "3.7.0",
      "dependencies": {
        "hot-formula-parser": "~3.0.2",
        "jointjs": "~3.7.2",
        "jszip": "~3.9.1",
        "rappid-plugin-visio": "file:",
        "stream": "~0.0.2"
      }
    },
    "node_modules/@handsontable/formulajs": {
      "version": "2.0.2",
      "resolved": "https://registry.npmjs.org/@handsontable/formulajs/-/formulajs-2.0.2.tgz",
      "integrity": "sha512-maIyMJtYjA5e/R9nyA22Qd7Yw73MBSxClJvle0a8XWAS/5l6shc/OFpQqrmwMy4IXUCmywJ9ER0gOGz/YA720w==",
      "dependencies": {
        "bessel": "^1.0.2",
        "jstat": "^1.9.2"
      },
      "bin": {
        "implementation-stats": "bin/implementation-stats"
      }
    },
    "node_modules/backbone": {
      "version": "1.4.1",
      "resolved": "https://registry.npmjs.org/backbone/-/backbone-1.4.1.tgz",
      "integrity": "sha512-ADy1ztN074YkWbHi8ojJVFe3vAanO/lrzMGZWUClIP7oDD/Pjy2vrASraUP+2EVCfIiTtCW4FChVow01XneivA==",
      "dependencies": {
        "underscore": ">=1.8.3"
      }
    },
    "node_modules/bessel": {
      "version": "1.0.2",
      "resolved": "https://registry.npmjs.org/bessel/-/bessel-1.0.2.tgz",
      "integrity": "sha512-Al3nHGQGqDYqqinXhQzmwmcRToe/3WyBv4N8aZc5Pef8xw2neZlR9VPi84Sa23JtgWcucu18HxVZrnI0fn2etw==",
      "engines": {
        "node": ">=0.8"
      }
    },
    "node_modules/component-emitter": {
      "version": "2.0.0",
      "resolved": "https://registry.npmjs.org/component-emitter/-/component-emitter-2.0.0.tgz",
      "integrity": "sha512-4m5s3Me2xxlVKG9PkZpQqHQR7bgpnN7joDMJ4yvVkVXngjoITG76IaZmzmywSeRTeTpc6N6r3H3+KyUurV8OYw==",
      "engines": {
        "node": ">=18"
      },
      "funding": {
        "url": "https://github.com/sponsors/sindresorhus"
      }
    },
    "node_modules/core-util-is": {
      "version": "1.0.3",
      "resolved": "https://registry.npmjs.org/core-util-is/-/core-util-is-1.0.3.tgz",
      "integrity": "sha512-ZQBvi1DcpJ4GDqanjucZ2Hj3wEO5pZDS89BWbkcrvdxksJorwUDDZamX9ldFkp9aw2lmBDLgkObEA4DWNJ9FYQ=="
    },
    "node_modules/dagre": {
      "version": "0.8.5",
      "resolved": "https://registry.npmjs.org/dagre/-/dagre-0.8.5.tgz",
      "integrity": "sha512-/aTqmnRta7x7MCCpExk7HQL2O4owCT2h8NT//9I1OQ9vt29Pa0BzSAkR5lwFUcQ7491yVi/3CXU9jQ5o0Mn2Sw==",
      "dependencies": {
        "graphlib": "^2.1.8",
        "lodash": "^4.17.15"
      }
    },
    "node_modules/graphlib": {
      "version": "2.1.8",
      "resolved": "https://registry.npmjs.org/graphlib/-/graphlib-2.1.8.tgz",
      "integrity": "sha512-jcLLfkpoVGmH7/InMC/1hIvOPSUh38oJtGhvrOFGzioE1DZ+0YW16RgmOJhHiuWTvGiJQ9Z1Ik43JvkRPRvE+A==",
      "dependencies": {
        "lodash": "^4.17.15"
      }
    },
    "node_modules/hot-formula-parser": {
      "version": "3.0.2",
      "resolved": "https://registry.npmjs.org/hot-formula-parser/-/hot-formula-parser-3.0.2.tgz",
      "integrity": "sha512-W/Dj/UbIyuViMIQOQD6tUEVySl7jd6ei+gfWslTiRqa4yRhkyHnIz8N4oLnqgDRhhVAQIcFF5NfNz49k4X8IxQ==",
      "dependencies": {
        "@handsontable/formulajs": "^2.0.2",
        "tiny-emitter": "^2.1.0"
      }
    },
    "node_modules/immediate": {
      "version": "3.0.6",
      "resolved": "https://registry.npmjs.org/immediate/-/immediate-3.0.6.tgz",
      "integrity": "sha512-XXOFtyqDjNDAQxVfYxuF7g9Il/IbWmmlQg2MYKOH8ExIT1qg6xc4zyS3HaEEATgs1btfzxq15ciUiY7gjSXRGQ=="
    },
    "node_modules/inherits": {
      "version": "2.0.4",
      "resolved": "https://registry.npmjs.org/inherits/-/inherits-2.0.4.tgz",
      "integrity": "sha512-k/vGaX4/Yla3WzyMCvTQOXYeIHvqOKtnqBduzTHpzpQZzAskKMhZ2K+EnBiSM9zGSoIFeMpXKxa4dYeZIQqewQ=="
    },
    "node_modules/isarray": {
      "version": "1.0.0",
      "resolved": "https://registry.npmjs.org/isarray/-/isarray-1.0.0.tgz",
      "integrity": "sha512-VLghIWNM6ELQzo7zwmcg0NmTVyWKYjvIeM83yjp0wRDTmUnrM678fQbcKBo6n2CJEF0szoG//ytg+TKla89ALQ=="
    },
    "node_modules/jointjs": {
      "version": "3.7.7",
      "resolved": "https://registry.npmjs.org/jointjs/-/jointjs-3.7.7.tgz",
      "integrity": "sha512-gwjyLfXIxovVCIHrg57WG0cyPt6dsJjgnGEGOt8gh2F2kp/T1x6z7kBf62eQqSnM7qn1XiheZV4Iopzd2doHlw==",
      "deprecated": "This package has been deprecated in favor of '@joint/core'. The repository name has changed to improve organization and naming conventions. Please update your dependencies to use the new package name:\n\nnpm install @joint/core\n\nFor more information, visit the JointJS repository at: https://github.com/clientio/joint",
      "dependencies": {
        "backbone": "~1.4.1",
        "dagre": "~0.8.5",
        "graphlib": "~2.1.8",
        "jquery": "~3.7.1",
        "lodash": "~4.17.21"
      }
    },
    "node_modules/jquery": {
      "version": "3.7.1",
      "resolved": "https://registry.npmjs.org/jquery/-/jquery-3.7.1.tgz",
      "integrity": "sha512-m4avr8yL8kmFN8psrbFFFmB/If14iN5o9nw/NgnnM+kybDJpRsAynV2BsfpTYrTRysYUdADVD7CkUUizgkpLfg=="
    },
    "node_modules/jstat": {
      "version": "1.9.6",
      "resolved": "https://registry.npmjs.org/jstat/-/jstat-1.9.6.tgz",
      "integrity": "sha512-rPBkJbK2TnA8pzs93QcDDPlKcrtZWuuCo2dVR0TFLOJSxhqfWOVCSp8aV3/oSbn+4uY4yw1URtLpHQedtmXfug=="
    },
    "node_modules/jszip": {
      "version": "3.9.1",
      "resolved": "https://registry.npmjs.org/jszip/-/jszip-3.9.1.tgz",
      "integrity": "sha512-H9A60xPqJ1CuC4Ka6qxzXZeU8aNmgOeP5IFqwJbQQwtu2EUYxota3LdsiZWplF7Wgd9tkAd0mdu36nceSaPuYw==",
      "dependencies": {
        "lie": "~3.3.0",
        "pako": "~1.0.2",
        "readable-stream": "~2.3.6",
        "set-immediate-shim": "~1.0.1"
      }
    },
    "node_modules/lie": {
      "version": "3.3.0",
      "resolved": "https://registry.npmjs.org/lie/-/lie-3.3.0.tgz",
      "integrity": "sha512-UaiMJzeWRlEujzAuw5LokY1L5ecNQYZKfmyZ9L7wDHb/p5etKaxXhohBcrw0EYby+G/NA52vRSN4N39dxHAIwQ==",
      "dependencies": {
        "immediate": "~3.0.5"
      }
    },
    "node_modules/lodash": {
      "version": "4.17.21",
      "resolved": "https://registry.npmjs.org/lodash/-/lodash-4.17.21.tgz",
      "integrity": "sha512-v2kDEe57lecTulaDIuNTPy3Ry4gLGJ6Z1O3vE1krgXZNrsQ+LFTGHVxVjcXPs17LhbZVGedAJv8XZ1tvj5FvSg=="
    },
    "node_modules/pako": {
      "version": "1.0.11",
      "resolved": "https://registry.npmjs.org/pako/-/pako-1.0.11.tgz",
      "integrity": "sha512-4hLB8Py4zZce5s4yd9XzopqwVv/yGNhV1Bl8NTmCq1763HeK2+EwVTv+leGeL13Dnh2wfbqowVPXCIO0z4taYw=="
    },
    "node_modules/process-nextick-args": {
      "version": "2.0.1",
      "resolved": "https://registry.npmjs.org/process-nextick-args/-/process-nextick-args-2.0.1.tgz",
      "integrity": "sha512-3ouUOpQhtgrbOa17J7+uxOTpITYWaGP7/AhoR3+A+/1e9skrzelGi/dXzEYyvbxubEF6Wn2ypscTKiKJFFn1ag=="
    },
    "node_modules/rappid-plugin-visio": {
      "resolved": "",
      "link": true
    },
    "node_modules/readable-stream": {
      "version": "2.3.8",
      "resolved": "https://registry.npmjs.org/readable-stream/-/readable-stream-2.3.8.tgz",
      "integrity": "sha512-8p0AUk4XODgIewSi0l8Epjs+EVnWiK7NoDIEGU0HhE7+ZyY8D1IMY7odu5lRrFXGg71L15KG8QrPmum45RTtdA==",
      "dependencies": {
        "core-util-is": "~1.0.0",
        "inherits": "~2.0.3",
        "isarray": "~1.0.0",
        "process-nextick-args": "~2.0.0",
        "safe-buffer": "~5.1.1",
        "string_decoder": "~1.1.1",
        "util-deprecate": "~1.0.1"
      }
    },
    "node_modules/safe-buffer": {
      "version": "5.1.2",
      "resolved": "https://registry.npmjs.org/safe-buffer/-/safe-buffer-5.1.2.tgz",
      "integrity": "sha512-Gd2UZBJDkXlY7GbJxfsE8/nvKkUEU1G38c1siN6QP6a9PT9MmHB8GnpscSmMJSoF8LOIrt8ud/wPtojys4G6+g=="
    },
    "node_modules/set-immediate-shim": {
      "version": "1.0.1",
      "resolved": "https://registry.npmjs.org/set-immediate-shim/-/set-immediate-shim-1.0.1.tgz",
      "integrity": "sha512-Li5AOqrZWCVA2n5kryzEmqai6bKSIvpz5oUJHPVj6+dsbD3X1ixtsY5tEnsaNpH3pFAHmG8eIHUrtEtohrg+UQ==",
      "engines": {
        "node": ">=0.10.0"
      }
    },
    "node_modules/stream": {
      "version": "0.0.3",
      "resolved": "https://registry.npmjs.org/stream/-/stream-0.0.3.tgz",
      "integrity": "sha512-aMsbn7VKrl4A2T7QAQQbzgN7NVc70vgF5INQrBXqn4dCXN1zy3L9HGgLO5s7PExmdrzTJ8uR/27aviW8or8/+A==",
      "dependencies": {
        "component-emitter": "^2.0.0"
      }
    },
    "node_modules/string_decoder": {
      "version": "1.1.1",
      "resolved": "https://registry.npmjs.org/string_decoder/-/string_decoder-1.1.1.tgz",
      "integrity": "sha512-n/ShnvDi6FHbbVfviro+WojiFzv+s8MPMHBczVePfUpDJLwoLT0ht1l4YwBCbi8pJAveEEdnkHyPyTP/mzRfwg==",
      "dependencies": {
        "safe-buffer": "~5.1.0"
      }
    },
    "node_modules/tiny-emitter": {
      "version": "2.1.0",
      "resolved": "https://registry.npmjs.org/tiny-emitter/-/tiny-emitter-2.1.0.tgz",
      "integrity": "sha512-NB6Dk1A9xgQPMoGqC5CVXn123gWyte215ONT5Pp5a0yt4nlEoO1ZWeCwpncaekPHXO60i47ihFnZPiRPjRMq4Q=="
    },
    "node_modules/underscore": {
      "version": "1.13.7",
      "resolved": "https://registry.npmjs.org/underscore/-/underscore-1.13.7.tgz",
      "integrity": "sha512-GMXzWtsc57XAtguZgaQViUOzs0KTkk8ojr3/xAxXLITqf/3EMwxC0inyETfDFjH/Krbhuep0HNbbjI9i/q3F3g=="
    },
    "node_modules/util-deprecate": {
      "version": "1.0.2",
      "resolved": "https://registry.npmjs.org/util-deprecate/-/util-deprecate-1.0.2.tgz",
      "integrity": "sha512-EPD5q1uXyFxJpCrLnCc1nHnq3gOa6DZBocAIiI2TaSCA7VCJ1UJDMagCzIkXNsUYfD1daK//LTEQ8xiIbrHtcw=="
    }
  }
}
